
Microsoft Visual Studio Solution File, Format Version 12.00
# Visual Studio Version 17
VisualStudioVersion = 17.4.33205.214
MinimumVisualStudioVersion = 10.0.40219.1
Project("{2150E333-8FDC-42A3-9474-1A3956D46DE8}") = "Identifier", "Identifier", "{9351C764-A85F-4C82-99E5-023B05C05E0F}"
EndProject
Project("{FAE04EC0-301F-11D3-BF4B-00C04F79EFBC}") = "One_Identifier_SimpleConcept", "Identifier\One_Identifier_SimpleConcept\One_Identifier_SimpleConcept.csproj", "{76ECD2D5-7444-4FD4-888F-DF9AB34C9418}"
EndProject
Project("{2150E333-8FDC-42A3-9474-1A3956D46DE8}") = "Variable", "Variable", "{30A4CA95-86E4-4C67-A63B-97BFC2F9A7EB}"
EndProject
Project("{FAE04EC0-301F-11D3-BF4B-00C04F79EFBC}") = "One_Variable_SimpleConcept", "Variable\One_Variable_SimpleConcept\One_Variable_SimpleConcept.csproj", "{29D53528-6173-43D7-973E-4B2CF0940C5D}"
EndProject
Project("{FAE04EC0-301F-11D3-BF4B-00C04F79EFBC}") = "Two_Variable_Constant", "Variable\Two_Variable_Constant\Two_Variable_Constant.csproj", "{9A5427FE-F903-4111-BC71-B607456AFFEA}"
EndProject
Project("{FAE04EC0-301F-11D3-BF4B-00C04F79EFBC}") = "THREE_Variables_LocalVariable", "Variable\THREE_Variables_LocalVariable\THREE_Variables_LocalVariable.csproj", "{F9B33AE0-B253-43FB-9AF7-B7DD608E1D9B}"
EndProject
Project("{FAE04EC0-301F-11D3-BF4B-00C04F79EFBC}") = "Four_Variables_InstanceVariable", "Variable\Four_Variables_InstanceVariable\Four_Variables_InstanceVariable.csproj", "{3000DC6F-0A6A-46CD-8086-C050BF3317C9}"
EndProject
Global
	GlobalSection(SolutionConfigurationPlatforms) = preSolution
		Debug|Any CPU = Debug|Any CPU
		Release|Any CPU = Release|Any CPU
	EndGlobalSection
	GlobalSection(ProjectConfigurationPlatforms) = postSolution
		{76ECD2D5-7444-4FD4-888F-DF9AB34C9418}.Debug|Any CPU.ActiveCfg = Debug|Any CPU
		{76ECD2D5-7444-4FD4-888F-DF9AB34C9418}.Debug|Any CPU.Build.0 = Debug|Any CPU
		{76ECD2D5-7444-4FD4-888F-DF9AB34C9418}.Release|Any CPU.ActiveCfg = Release|Any CPU
		{76ECD2D5-7444-4FD4-888F-DF9AB34C9418}.Release|Any CPU.Build.0 = Release|Any CPU
		{29D53528-6173-43D7-973E-4B2CF0940C5D}.Debug|Any CPU.ActiveCfg = Debug|Any CPU
		{29D53528-6173-43D7-973E-4B2CF0940C5D}.Debug|Any CPU.Build.0 = Debug|Any CPU
		{29D53528-6173-43D7-973E-4B2CF0940C5D}.Release|Any CPU.ActiveCfg = Release|Any CPU
		{29D53528-6173-43D7-973E-4B2CF0940C5D}.Release|Any CPU.Build.0 = Release|Any CPU
		{9A5427FE-F903-4111-BC71-B607456AFFEA}.Debug|Any CPU.ActiveCfg = Debug|Any CPU
		{9A5427FE-F903-4111-BC71-B607456AFFEA}.Debug|Any CPU.Build.0 = Debug|Any CPU
		{9A5427FE-F903-4111-BC71-B607456AFFEA}.Release|Any CPU.ActiveCfg = Release|Any CPU
		{9A5427FE-F903-4111-BC71-B607456AFFEA}.Release|Any CPU.Build.0 = Release|Any CPU
		{F9B33AE0-B253-43FB-9AF7-B7DD608E1D9B}.Debug|Any CPU.ActiveCfg = Debug|Any CPU
		{F9B33AE0-B253-43FB-9AF7-B7DD608E1D9B}.Debug|Any CPU.Build.0 = Debug|Any CPU
		{F9B33AE0-B253-43FB-9AF7-B7DD608E1D9B}.Release|Any CPU.ActiveCfg = Release|Any CPU
		{F9B33AE0-B253-43FB-9AF7-B7DD608E1D9B}.Release|Any CPU.Build.0 = Release|Any CPU
		{3000DC6F-0A6A-46CD-8086-C050BF3317C9}.Debug|Any CPU.ActiveCfg = Debug|Any CPU
		{3000DC6F-0A6A-46CD-8086-C050BF3317C9}.Debug|Any CPU.Build.0 = Debug|Any CPU
		{3000DC6F-0A6A-46CD-8086-C050BF3317C9}.Release|Any CPU.ActiveCfg = Release|Any CPU
		{3000DC6F-0A6A-46CD-8086-C050BF3317C9}.Release|Any CPU.Build.0 = Release|Any CPU
	EndGlobalSection
	GlobalSection(SolutionProperties) = preSolution
		HideSolutionNode = FALSE
	EndGlobalSection
	GlobalSection(NestedProjects) = preSolution
		{76ECD2D5-7444-4FD4-888F-DF9AB34C9418} = {9351C764-A85F-4C82-99E5-023B05C05E0F}
		{29D53528-6173-43D7-973E-4B2CF0940C5D} = {30A4CA95-86E4-4C67-A63B-97BFC2F9A7EB}
		{9A5427FE-F903-4111-BC71-B607456AFFEA} = {30A4CA95-86E4-4C67-A63B-97BFC2F9A7EB}
		{F9B33AE0-B253-43FB-9AF7-B7DD608E1D9B} = {30A4CA95-86E4-4C67-A63B-97BFC2F9A7EB}
		{3000DC6F-0A6A-46CD-8086-C050BF3317C9} = {30A4CA95-86E4-4C67-A63B-97BFC2F9A7EB}
	EndGlobalSection
	GlobalSection(ExtensibilityGlobals) = postSolution
		SolutionGuid = {0BE06021-6411-444B-B9ED-F8544AC67C2F}
	EndGlobalSection
EndGlobal
